
Microsoft Visual Studio Solution File, Format Version 12.00
# Visual Studio Version 16
VisualStudioVersion = 16.0.28711.60
MinimumVisualStudioVersion = 10.0.40219.1
Project("{9A19103F-16F7-4668-BE54-9A1E7A4F7556}") = "CosmosDemo", "CosmosDemo\CosmosDemo.csproj", "{DD957C2B-1007-4C31-8A23-D561AA98E720}"
EndProject
Global
	GlobalSection(SolutionConfigurationPlatforms) = preSolution
		Debug|Any CPU = Debug|Any CPU
		Release|Any CPU = Release|Any CPU
	EndGlobalSection
	GlobalSection(ProjectConfigurationPlatforms) = postSolution
		{DD957C2B-1007-4C31-8A23-D561AA98E720}.Debug|Any CPU.ActiveCfg = Debug|Any CPU
		{DD957C2B-1007-4C31-8A23-D561AA98E720}.Debug|Any CPU.Build.0 = Debug|Any CPU
		{DD957C2B-1007-4C31-8A23-D561AA98E720}.Release|Any CPU.ActiveCfg = Release|Any CPU
		{DD957C2B-1007-4C31-8A23-D561AA98E720}.Release|Any CPU.Build.0 = Release|Any CPU
	EndGlobalSection
	GlobalSection(SolutionProperties) = preSolution
		HideSolutionNode = FALSE
	EndGlobalSection
	GlobalSection(ExtensibilityGlobals) = postSolution
		SolutionGuid = {F5C38A25-36EC-4E81-B526-8AC57039B2A1}
	EndGlobalSection
EndGlobal
